
Microsoft Visual Studio Solution File, Format Version 12.00
# Visual Studio 15
Project("{FAE04EC0-301F-11D3-BF4B-00C04F79EFBC}") = "Assembly-CSharp", "Assembly-CSharp.csproj", "{A6D86139-ACE3-DF9D-51B6-9F772A65E56B}"
EndProject
Project("{FAE04EC0-301F-11D3-BF4B-00C04F79EFBC}") = "Assembly-CSharp-firstpass", "Assembly-CSharp-firstpass.csproj", "{95DFAD3A-602C-6DF0-9A7D-7EC5CBBC49C0}"
EndProject
Project("{FAE04EC0-301F-11D3-BF4B-00C04F79EFBC}") = "Assembly-CSharp-Editor-firstpass", "Assembly-CSharp-Editor-firstpass.csproj", "{F9119661-63C7-27C5-E811-D722A0999338}"
EndProject
Project("{FAE04EC0-301F-11D3-BF4B-00C04F79EFBC}") = "Assembly-CSharp-Editor", "Assembly-CSharp-Editor.csproj", "{457F6E80-FF01-F1FC-3FD6-1FAD8DDE2E3F}"
EndProject
Global
	GlobalSection(SolutionConfigurationPlatforms) = preSolution
		Debug|Any CPU = Debug|Any CPU
		Release|Any CPU = Release|Any CPU
	EndGlobalSection
	GlobalSection(ProjectConfigurationPlatforms) = postSolution
		{A6D86139-ACE3-DF9D-51B6-9F772A65E56B}.Debug|Any CPU.ActiveCfg = Debug|Any CPU
		{A6D86139-ACE3-DF9D-51B6-9F772A65E56B}.Debug|Any CPU.Build.0 = Debug|Any CPU
		{A6D86139-ACE3-DF9D-51B6-9F772A65E56B}.Release|Any CPU.ActiveCfg = Release|Any CPU
		{A6D86139-ACE3-DF9D-51B6-9F772A65E56B}.Release|Any CPU.Build.0 = Release|Any CPU
		{95DFAD3A-602C-6DF0-9A7D-7EC5CBBC49C0}.Debug|Any CPU.ActiveCfg = Debug|Any CPU
		{95DFAD3A-602C-6DF0-9A7D-7EC5CBBC49C0}.Debug|Any CPU.Build.0 = Debug|Any CPU
		{95DFAD3A-602C-6DF0-9A7D-7EC5CBBC49C0}.Release|Any CPU.ActiveCfg = Release|Any CPU
		{95DFAD3A-602C-6DF0-9A7D-7EC5CBBC49C0}.Release|Any CPU.Build.0 = Release|Any CPU
		{F9119661-63C7-27C5-E811-D722A0999338}.Debug|Any CPU.ActiveCfg = Debug|Any CPU
		{F9119661-63C7-27C5-E811-D722A0999338}.Debug|Any CPU.Build.0 = Debug|Any CPU
		{F9119661-63C7-27C5-E811-D722A0999338}.Release|Any CPU.ActiveCfg = Release|Any CPU
		{F9119661-63C7-27C5-E811-D722A0999338}.Release|Any CPU.Build.0 = Release|Any CPU
		{457F6E80-FF01-F1FC-3FD6-1FAD8DDE2E3F}.Debug|Any CPU.ActiveCfg = Debug|Any CPU
		{457F6E80-FF01-F1FC-3FD6-1FAD8DDE2E3F}.Debug|Any CPU.Build.0 = Debug|Any CPU
		{457F6E80-FF01-F1FC-3FD6-1FAD8DDE2E3F}.Release|Any CPU.ActiveCfg = Release|Any CPU
		{457F6E80-FF01-F1FC-3FD6-1FAD8DDE2E3F}.Release|Any CPU.Build.0 = Release|Any CPU
	EndGlobalSection
	GlobalSection(SolutionProperties) = preSolution
		HideSolutionNode = FALSE
	EndGlobalSection
EndGlobal
